
Microsoft Visual Studio Solution File, Format Version 12.00
# Visual Studio Version 17
VisualStudioVersion = 17.10.35027.167
MinimumVisualStudioVersion = 10.0.40219.1
Project("{9A19103F-16F7-4668-BE54-9A1E7A4F7556}") = "WebAPI", "WebAPI\WebAPI.csproj", "{4D8A6945-7065-4C16-A5FA-44C7DB34FB16}"
EndProject
Project("{9A19103F-16F7-4668-BE54-9A1E7A4F7556}") = "ASPNETCore.Domain", "ASPNETCore.Domain\ASPNETCore.Domain.csproj", "{1EB3AC60-29C5-459C-947B-58D133F79DA6}"
EndProject
Project("{9A19103F-16F7-4668-BE54-9A1E7A4F7556}") = "ASPNETCore.Application", "ASPNETCore.Application\ASPNETCore.Application.csproj", "{30704804-2583-4460-BB01-72E825F00B27}"
EndProject
Project("{9A19103F-16F7-4668-BE54-9A1E7A4F7556}") = "ASPNETCore.Infrastructure", "ASPNETCore.Infrastructure\ASPNETCore.Infrastructure.csproj", "{3E008BB8-58B7-480B-9070-19138FFD90EA}"
EndProject
Project("{FAE04EC0-301F-11D3-BF4B-00C04F79EFBC}") = "ASPNETCore.Tests", "ASPNETCore.Tests\ASPNETCore.Tests.csproj", "{F78F5420-2D84-462C-8A42-E6B7360D5166}"
EndProject
Global
	GlobalSection(SolutionConfigurationPlatforms) = preSolution
		Debug|Any CPU = Debug|Any CPU
		Release|Any CPU = Release|Any CPU
	EndGlobalSection
	GlobalSection(ProjectConfigurationPlatforms) = postSolution
		{4D8A6945-7065-4C16-A5FA-44C7DB34FB16}.Debug|Any CPU.ActiveCfg = Debug|Any CPU
		{4D8A6945-7065-4C16-A5FA-44C7DB34FB16}.Debug|Any CPU.Build.0 = Debug|Any CPU
		{4D8A6945-7065-4C16-A5FA-44C7DB34FB16}.Release|Any CPU.ActiveCfg = Release|Any CPU
		{4D8A6945-7065-4C16-A5FA-44C7DB34FB16}.Release|Any CPU.Build.0 = Release|Any CPU
		{1EB3AC60-29C5-459C-947B-58D133F79DA6}.Debug|Any CPU.ActiveCfg = Debug|Any CPU
		{1EB3AC60-29C5-459C-947B-58D133F79DA6}.Debug|Any CPU.Build.0 = Debug|Any CPU
		{1EB3AC60-29C5-459C-947B-58D133F79DA6}.Release|Any CPU.ActiveCfg = Release|Any CPU
		{1EB3AC60-29C5-459C-947B-58D133F79DA6}.Release|Any CPU.Build.0 = Release|Any CPU
		{30704804-2583-4460-BB01-72E825F00B27}.Debug|Any CPU.ActiveCfg = Debug|Any CPU
		{30704804-2583-4460-BB01-72E825F00B27}.Debug|Any CPU.Build.0 = Debug|Any CPU
		{30704804-2583-4460-BB01-72E825F00B27}.Release|Any CPU.ActiveCfg = Release|Any CPU
		{30704804-2583-4460-BB01-72E825F00B27}.Release|Any CPU.Build.0 = Release|Any CPU
		{3E008BB8-58B7-480B-9070-19138FFD90EA}.Debug|Any CPU.ActiveCfg = Debug|Any CPU
		{3E008BB8-58B7-480B-9070-19138FFD90EA}.Debug|Any CPU.Build.0 = Debug|Any CPU
		{3E008BB8-58B7-480B-9070-19138FFD90EA}.Release|Any CPU.ActiveCfg = Release|Any CPU
		{3E008BB8-58B7-480B-9070-19138FFD90EA}.Release|Any CPU.Build.0 = Release|Any CPU
		{F78F5420-2D84-462C-8A42-E6B7360D5166}.Debug|Any CPU.ActiveCfg = Debug|Any CPU
		{F78F5420-2D84-462C-8A42-E6B7360D5166}.Debug|Any CPU.Build.0 = Debug|Any CPU
		{F78F5420-2D84-462C-8A42-E6B7360D5166}.Release|Any CPU.ActiveCfg = Release|Any CPU
		{F78F5420-2D84-462C-8A42-E6B7360D5166}.Release|Any CPU.Build.0 = Release|Any CPU
	EndGlobalSection
	GlobalSection(SolutionProperties) = preSolution
		HideSolutionNode = FALSE
	EndGlobalSection
	GlobalSection(ExtensibilityGlobals) = postSolution
		SolutionGuid = {8C4B0323-6653-48FD-9574-3FD2BFE4BFA1}
	EndGlobalSection
EndGlobal
